
Microsoft Visual Studio Solution File, Format Version 12.00
# Visual Studio Version 17
VisualStudioVersion = 17.8.34511.84
MinimumVisualStudioVersion = 10.0.40219.1
Project("{FAE04EC0-301F-11D3-BF4B-00C04F79EFBC}") = "PreschoolManagmentSoftware", "PreschoolManagmentSoftware.csproj", "{7EE18FBA-4A1E-4CDB-8A53-1384760B3FD4}"
EndProject
Project("{FAE04EC0-301F-11D3-BF4B-00C04F79EFBC}") = "EntityLayer", "..\EntityLayer\EntityLayer.csproj", "{FF7EBD88-D7D3-4E43-A357-B3324D47F7EB}"
EndProject
Project("{FAE04EC0-301F-11D3-BF4B-00C04F79EFBC}") = "BusinessLogicLayer", "..\BusinessLogicLayer\BusinessLogicLayer.csproj", "{D1A98C7E-0F05-496B-ACE0-7D3F143397B2}"
EndProject
Project("{FAE04EC0-301F-11D3-BF4B-00C04F79EFBC}") = "SecurityLayer", "..\SecurityLayer\SecurityLayer.csproj", "{C874A22A-B12B-44B4-BFF0-8236925E0747}"
EndProject
Project("{FAE04EC0-301F-11D3-BF4B-00C04F79EFBC}") = "DataAccessLayer", "..\DataAccessLayer\DataAccessLayer.csproj", "{4E913135-9079-4F74-B5F6-1E5C227003AD}"
EndProject
Project("{54435603-DBB4-11D2-8724-00A0C9A8B90C}") = "Setup", "..\Setup\Setup\Setup.vdproj", "{A14E443F-18FC-4184-8B92-602BE694304D}"
EndProject
Global
	GlobalSection(SolutionConfigurationPlatforms) = preSolution
		Debug|Any CPU = Debug|Any CPU
		Release|Any CPU = Release|Any CPU
	EndGlobalSection
	GlobalSection(ProjectConfigurationPlatforms) = postSolution
		{7EE18FBA-4A1E-4CDB-8A53-1384760B3FD4}.Debug|Any CPU.ActiveCfg = Debug|Any CPU
		{7EE18FBA-4A1E-4CDB-8A53-1384760B3FD4}.Debug|Any CPU.Build.0 = Debug|Any CPU
		{7EE18FBA-4A1E-4CDB-8A53-1384760B3FD4}.Release|Any CPU.ActiveCfg = Release|Any CPU
		{7EE18FBA-4A1E-4CDB-8A53-1384760B3FD4}.Release|Any CPU.Build.0 = Release|Any CPU
		{FF7EBD88-D7D3-4E43-A357-B3324D47F7EB}.Debug|Any CPU.ActiveCfg = Debug|Any CPU
		{FF7EBD88-D7D3-4E43-A357-B3324D47F7EB}.Debug|Any CPU.Build.0 = Debug|Any CPU
		{FF7EBD88-D7D3-4E43-A357-B3324D47F7EB}.Release|Any CPU.ActiveCfg = Release|Any CPU
		{FF7EBD88-D7D3-4E43-A357-B3324D47F7EB}.Release|Any CPU.Build.0 = Release|Any CPU
		{D1A98C7E-0F05-496B-ACE0-7D3F143397B2}.Debug|Any CPU.ActiveCfg = Debug|Any CPU
		{D1A98C7E-0F05-496B-ACE0-7D3F143397B2}.Debug|Any CPU.Build.0 = Debug|Any CPU
		{D1A98C7E-0F05-496B-ACE0-7D3F143397B2}.Release|Any CPU.ActiveCfg = Release|Any CPU
		{D1A98C7E-0F05-496B-ACE0-7D3F143397B2}.Release|Any CPU.Build.0 = Release|Any CPU
		{C874A22A-B12B-44B4-BFF0-8236925E0747}.Debug|Any CPU.ActiveCfg = Debug|Any CPU
		{C874A22A-B12B-44B4-BFF0-8236925E0747}.Debug|Any CPU.Build.0 = Debug|Any CPU
		{C874A22A-B12B-44B4-BFF0-8236925E0747}.Release|Any CPU.ActiveCfg = Release|Any CPU
		{C874A22A-B12B-44B4-BFF0-8236925E0747}.Release|Any CPU.Build.0 = Release|Any CPU
		{4E913135-9079-4F74-B5F6-1E5C227003AD}.Debug|Any CPU.ActiveCfg = Debug|Any CPU
		{4E913135-9079-4F74-B5F6-1E5C227003AD}.Debug|Any CPU.Build.0 = Debug|Any CPU
		{4E913135-9079-4F74-B5F6-1E5C227003AD}.Release|Any CPU.ActiveCfg = Release|Any CPU
		{4E913135-9079-4F74-B5F6-1E5C227003AD}.Release|Any CPU.Build.0 = Release|Any CPU
		{A14E443F-18FC-4184-8B92-602BE694304D}.Debug|Any CPU.ActiveCfg = Debug
		{A14E443F-18FC-4184-8B92-602BE694304D}.Release|Any CPU.ActiveCfg = Release
	EndGlobalSection
	GlobalSection(SolutionProperties) = preSolution
		HideSolutionNode = FALSE
	EndGlobalSection
	GlobalSection(ExtensibilityGlobals) = postSolution
		SolutionGuid = {B3D63AB5-1CF0-4471-BFB7-795BA01DD123}
	EndGlobalSection
EndGlobal
